// !$*UTF8*$!
{
	archiveVersion = 1;
	classes = {
	};
	objectVersion = 46;
	objects = {

/* Begin PBXBuildFile section */
		2D1A043E1BB06A0800FA14CC /* NGMenuItem.m in Sources */ = {isa = PBXBuildFile; fileRef = 2D1A043D1BB06A0800FA14CC /* NGMenuItem.m */; };
		2D1A04421BB06A2400FA14CC /* NGSplitViewManager.m in Sources */ = {isa = PBXBuildFile; fileRef = 2D1A04411BB06A2400FA14CC /* NGSplitViewManager.m */; };
		2D1A04451BB06A3500FA14CC /* NGSplitMenuController.m in Sources */ = {isa = PBXBuildFile; fileRef = 2D1A04441BB06A3500FA14CC /* NGSplitMenuController.m */; };
		2D1A04481BB06A3E00FA14CC /* MenuTableCell.m in Sources */ = {isa = PBXBuildFile; fileRef = 2D1A04471BB06A3E00FA14CC /* MenuTableCell.m */; };
		2D2875441B977F310068818D /* SKScene+Unarchive.m in Sources */ = {isa = PBXBuildFile; fileRef = 2D2875431B977F310068818D /* SKScene+Unarchive.m */; };
		2D45C7031C03708E009FCFB8 /* Bubbles.sks in Resources */ = {isa = PBXBuildFile; fileRef = 2D45C6FC1C03708E009FCFB8 /* Bubbles.sks */; };
		2D45C7041C03708E009FCFB8 /* SharkRight.sks in Resources */ = {isa = PBXBuildFile; fileRef = 2D45C6FD1C03708E009FCFB8 /* SharkRight.sks */; };
		2D45C7051C03708E009FCFB8 /* SharkLeft.sks in Resources */ = {isa = PBXBuildFile; fileRef = 2D45C6FE1C03708E009FCFB8 /* SharkLeft.sks */; };
		2D45C7061C03708E009FCFB8 /* WhaleLeft.sks in Resources */ = {isa = PBXBuildFile; fileRef = 2D45C6FF1C03708E009FCFB8 /* WhaleLeft.sks */; };
		2D45C7071C03708E009FCFB8 /* WhaleRight.sks in Resources */ = {isa = PBXBuildFile; fileRef = 2D45C7001C03708E009FCFB8 /* WhaleRight.sks */; };
		2D45C7081C03708E009FCFB8 /* FishLeft.sks in Resources */ = {isa = PBXBuildFile; fileRef = 2D45C7011C03708E009FCFB8 /* FishLeft.sks */; };
		2D45C7091C03708E009FCFB8 /* FishRight.sks in Resources */ = {isa = PBXBuildFile; fileRef = 2D45C7021C03708E009FCFB8 /* FishRight.sks */; };
		2D45C70D1C03760C009FCFB8 /* small_fish.atlas in Resources */ = {isa = PBXBuildFile; fileRef = 2D45C70A1C03760C009FCFB8 /* small_fish.atlas */; };
		2D45C70E1C03760C009FCFB8 /* shark.atlas in Resources */ = {isa = PBXBuildFile; fileRef = 2D45C70B1C03760C009FCFB8 /* shark.atlas */; };
		2D45C70F1C03760C009FCFB8 /* whale.atlas in Resources */ = {isa = PBXBuildFile; fileRef = 2D45C70C1C03760C009FCFB8 /* whale.atlas */; };
		2D6064731BA99E6B00410B0E /* CoreDataManager.m in Sources */ = {isa = PBXBuildFile; fileRef = 2D6064721BA99E6B00410B0E /* CoreDataManager.m */; };
		2D6064761BA99FF100410B0E /* DataModel.xcdatamodeld in Sources */ = {isa = PBXBuildFile; fileRef = 2D6064741BA99FF100410B0E /* DataModel.xcdatamodeld */; };
		2D75DD2A1BD57E9300112F4E /* ParentSecurityController.m in Sources */ = {isa = PBXBuildFile; fileRef = 2D75DD291BD57E9300112F4E /* ParentSecurityController.m */; };
		2D8931F41BA986AF006D2840 /* CoreData.framework in Frameworks */ = {isa = PBXBuildFile; fileRef = 2D8931F31BA986AF006D2840 /* CoreData.framework */; };
		2DB4D6251BF391F200A12481 /* TCProgressTimerForegroundCropNode.m in Sources */ = {isa = PBXBuildFile; fileRef = 2DB4D6221BF391F200A12481 /* TCProgressTimerForegroundCropNode.m */; };
		2DB4D6261BF391F200A12481 /* TCProgressTimerNode.m in Sources */ = {isa = PBXBuildFile; fileRef = 2DB4D6241BF391F200A12481 /* TCProgressTimerNode.m */; };
		2DB4D62A1BF3920C00A12481 /* Whale.m in Sources */ = {isa = PBXBuildFile; fileRef = 2DB4D6281BF3920C00A12481 /* Whale.m */; };
		2DC195E91BF6338B008669A0 /* GameStatistics+CoreDataProperties.m in Sources */ = {isa = PBXBuildFile; fileRef = 2DC195E61BF6338B008669A0 /* GameStatistics+CoreDataProperties.m */; };
		2DC195EA1BF6338B008669A0 /* GameStatistics.m in Sources */ = {isa = PBXBuildFile; fileRef = 2DC195E81BF6338B008669A0 /* GameStatistics.m */; };
		2DC195ED1BF63EA4008669A0 /* NSDate+Helper.m in Sources */ = {isa = PBXBuildFile; fileRef = 2DC195EC1BF63EA4008669A0 /* NSDate+Helper.m */; };
		2DC904171BB1D0580082DEAC /* GameStatsViewController.m in Sources */ = {isa = PBXBuildFile; fileRef = 2DC904161BB1D0580082DEAC /* GameStatsViewController.m */; };
		2DC9041A1BB1D0710082DEAC /* SoundManagerViewController.m in Sources */ = {isa = PBXBuildFile; fileRef = 2DC904191BB1D0710082DEAC /* SoundManagerViewController.m */; };
		2DE0E12E1B9CAF3C00BFEDA6 /* LoadingViewController.m in Sources */ = {isa = PBXBuildFile; fileRef = 2DE0E12D1B9CAF3C00BFEDA6 /* LoadingViewController.m */; };
		2DE0E1311B9CAF6100BFEDA6 /* LoadingScene.m in Sources */ = {isa = PBXBuildFile; fileRef = 2DE0E1301B9CAF6100BFEDA6 /* LoadingScene.m */; };
		2DE0E1341B9CB24B00BFEDA6 /* ScheduleViewController.m in Sources */ = {isa = PBXBuildFile; fileRef = 2DE0E1331B9CB24B00BFEDA6 /* ScheduleViewController.m */; };
		2DE0E13A1B9CB57900BFEDA6 /* CalendarView.m in Sources */ = {isa = PBXBuildFile; fileRef = 2DE0E1391B9CB57900BFEDA6 /* CalendarView.m */; };
		2DE88AC81BB8517A002438C6 /* Sounds+CoreDataProperties.m in Sources */ = {isa = PBXBuildFile; fileRef = 2DE88ABD1BB8517A002438C6 /* Sounds+CoreDataProperties.m */; };
		2DE88AC91BB8517A002438C6 /* Sounds.m in Sources */ = {isa = PBXBuildFile; fileRef = 2DE88ABF1BB8517A002438C6 /* Sounds.m */; };
		2DE88ACA1BB8517A002438C6 /* Games+CoreDataProperties.m in Sources */ = {isa = PBXBuildFile; fileRef = 2DE88AC11BB8517A002438C6 /* Games+CoreDataProperties.m */; };
		2DE88ACB1BB8517A002438C6 /* Games.m in Sources */ = {isa = PBXBuildFile; fileRef = 2DE88AC31BB8517A002438C6 /* Games.m */; };
		2DF67F7F1BD4A18800EB7390 /* FishingGameViewController.m in Sources */ = {isa = PBXBuildFile; fileRef = 2DF67F7E1BD4A18800EB7390 /* FishingGameViewController.m */; };
		2DF67F821BD4A1A900EB7390 /* FishingGameScene.m in Sources */ = {isa = PBXBuildFile; fileRef = 2DF67F811BD4A1A900EB7390 /* FishingGameScene.m */; };
		2DF6B7421B94A14800B7F92C /* main.m in Sources */ = {isa = PBXBuildFile; fileRef = 2DF6B7411B94A14800B7F92C /* main.m */; };
		2DF6B7451B94A14800B7F92C /* AppDelegate.m in Sources */ = {isa = PBXBuildFile; fileRef = 2DF6B7441B94A14800B7F92C /* AppDelegate.m */; };
		2DF6B7481B94A14800B7F92C /* HomeScene.m in Sources */ = {isa = PBXBuildFile; fileRef = 2DF6B7471B94A14800B7F92C /* HomeScene.m */; };
		2DF6B74A1B94A14800B7F92C /* HomeScene.sks in Resources */ = {isa = PBXBuildFile; fileRef = 2DF6B7491B94A14800B7F92C /* HomeScene.sks */; };
		2DF6B74D1B94A14800B7F92C /* HomeSceneViewController.m in Sources */ = {isa = PBXBuildFile; fileRef = 2DF6B74C1B94A14800B7F92C /* HomeSceneViewController.m */; };
		2DF6B7501B94A14800B7F92C /* Main.storyboard in Resources */ = {isa = PBXBuildFile; fileRef = 2DF6B74E1B94A14800B7F92C /* Main.storyboard */; };
		2DF6B7521B94A14800B7F92C /* Images.xcassets in Resources */ = {isa = PBXBuildFile; fileRef = 2DF6B7511B94A14800B7F92C /* Images.xcassets */; };
		2DF6B7551B94A14800B7F92C /* LaunchScreen.xib in Resources */ = {isa = PBXBuildFile; fileRef = 2DF6B7531B94A14800B7F92C /* LaunchScreen.xib */; };
		2DF6B7611B94A14800B7F92C /* SpeechTherapyGameTests.m in Sources */ = {isa = PBXBuildFile; fileRef = 2DF6B7601B94A14800B7F92C /* SpeechTherapyGameTests.m */; };
		D716291F1BE76FFF00C56C77 /* ParentMasterController.m in Sources */ = {isa = PBXBuildFile; fileRef = D716291E1BE76FFE00C56C77 /* ParentMasterController.m */; };
		DB79796202A56F77A186A2EC /* libPods-SpeechTherapyGame.a in Frameworks */ = {isa = PBXBuildFile; fileRef = A3C4C953EE4CDC88969B0569 /* libPods-SpeechTherapyGame.a */; };
/* End PBXBuildFile section */

/* Begin PBXContainerItemProxy section */
		2DF6B75B1B94A14800B7F92C /* PBXContainerItemProxy */ = {
			isa = PBXContainerItemProxy;
			containerPortal = 2DF6B7341B94A14800B7F92C /* Project object */;
			proxyType = 1;
			remoteGlobalIDString = 2DF6B73B1B94A14800B7F92C;
			remoteInfo = SpeechTherapyGame;
		};
/* End PBXContainerItemProxy section */

/* Begin PBXFileReference section */
		2D1A043B1BB06A0800FA14CC /* NGMenuConstants.h */ = {isa = PBXFileReference; fileEncoding = 4; lastKnownFileType = sourcecode.c.h; path = NGMenuConstants.h; sourceTree = "<group>"; };
		2D1A043C1BB06A0800FA14CC /* NGMenuItem.h */ = {isa = PBXFileReference; fileEncoding = 4; lastKnownFileType = sourcecode.c.h; path = NGMenuItem.h; sourceTree = "<group>"; };
		2D1A043D1BB06A0800FA14CC /* NGMenuItem.m */ = {isa = PBXFileReference; fileEncoding = 4; lastKnownFileType = sourcecode.c.objc; path = NGMenuItem.m; sourceTree = "<group>"; };
		2D1A043F1BB06A1A00FA14CC /* NGSplitMenu.h */ = {isa = PBXFileReference; fileEncoding = 4; lastKnownFileType = sourcecode.c.h; path = NGSplitMenu.h; sourceTree = "<group>"; };
		2D1A04401BB06A2400FA14CC /* NGSplitViewManager.h */ = {isa = PBXFileReference; fileEncoding = 4; lastKnownFileType = sourcecode.c.h; path = NGSplitViewManager.h; sourceTree = "<group>"; };
		2D1A04411BB06A2400FA14CC /* NGSplitViewManager.m */ = {isa = PBXFileReference; fileEncoding = 4; lastKnownFileType = sourcecode.c.objc; path = NGSplitViewManager.m; sourceTree = "<group>"; };
		2D1A04431BB06A3500FA14CC /* NGSplitMenuController.h */ = {isa = PBXFileReference; fileEncoding = 4; lastKnownFileType = sourcecode.c.h; path = NGSplitMenuController.h; sourceTree = "<group>"; };
		2D1A04441BB06A3500FA14CC /* NGSplitMenuController.m */ = {isa = PBXFileReference; fileEncoding = 4; lastKnownFileType = sourcecode.c.objc; path = NGSplitMenuController.m; sourceTree = "<group>"; };
		2D1A04461BB06A3D00FA14CC /* MenuTableCell.h */ = {isa = PBXFileReference; fileEncoding = 4; lastKnownFileType = sourcecode.c.h; path = MenuTableCell.h; sourceTree = "<group>"; };
		2D1A04471BB06A3E00FA14CC /* MenuTableCell.m */ = {isa = PBXFileReference; fileEncoding = 4; lastKnownFileType = sourcecode.c.objc; path = MenuTableCell.m; sourceTree = "<group>"; };
		2D2875421B977F310068818D /* SKScene+Unarchive.h */ = {isa = PBXFileReference; fileEncoding = 4; lastKnownFileType = sourcecode.c.h; path = "SKScene+Unarchive.h"; sourceTree = "<group>"; };
		2D2875431B977F310068818D /* SKScene+Unarchive.m */ = {isa = PBXFileReference; fileEncoding = 4; lastKnownFileType = sourcecode.c.objc; path = "SKScene+Unarchive.m"; sourceTree = "<group>"; };
		2D45C6FC1C03708E009FCFB8 /* Bubbles.sks */ = {isa = PBXFileReference; lastKnownFileType = file.sks; path = Bubbles.sks; sourceTree = "<group>"; };
		2D45C6FD1C03708E009FCFB8 /* SharkRight.sks */ = {isa = PBXFileReference; lastKnownFileType = file.sks; path = SharkRight.sks; sourceTree = "<group>"; };
		2D45C6FE1C03708E009FCFB8 /* SharkLeft.sks */ = {isa = PBXFileReference; lastKnownFileType = file.sks; path = SharkLeft.sks; sourceTree = "<group>"; };
		2D45C6FF1C03708E009FCFB8 /* WhaleLeft.sks */ = {isa = PBXFileReference; lastKnownFileType = file.sks; path = WhaleLeft.sks; sourceTree = "<group>"; };
		2D45C7001C03708E009FCFB8 /* WhaleRight.sks */ = {isa = PBXFileReference; lastKnownFileType = file.sks; path = WhaleRight.sks; sourceTree = "<group>"; };
		2D45C7011C03708E009FCFB8 /* FishLeft.sks */ = {isa = PBXFileReference; lastKnownFileType = file.sks; path = FishLeft.sks; sourceTree = "<group>"; };
		2D45C7021C03708E009FCFB8 /* FishRight.sks */ = {isa = PBXFileReference; lastKnownFileType = file.sks; path = FishRight.sks; sourceTree = "<group>"; };
		2D45C70A1C03760C009FCFB8 /* small_fish.atlas */ = {isa = PBXFileReference; lastKnownFileType = folder.skatlas; path = small_fish.atlas; sourceTree = "<group>"; };
		2D45C70B1C03760C009FCFB8 /* shark.atlas */ = {isa = PBXFileReference; lastKnownFileType = folder.skatlas; path = shark.atlas; sourceTree = "<group>"; };
		2D45C70C1C03760C009FCFB8 /* whale.atlas */ = {isa = PBXFileReference; lastKnownFileType = folder.skatlas; path = whale.atlas; sourceTree = "<group>"; };
		2D6064711BA99E6B00410B0E /* CoreDataManager.h */ = {isa = PBXFileReference; fileEncoding = 4; lastKnownFileType = sourcecode.c.h; path = CoreDataManager.h; sourceTree = "<group>"; };
		2D6064721BA99E6B00410B0E /* CoreDataManager.m */ = {isa = PBXFileReference; fileEncoding = 4; lastKnownFileType = sourcecode.c.objc; path = CoreDataManager.m; sourceTree = "<group>"; };
		2D6064751BA99FF100410B0E /* DataModel.xcdatamodel */ = {isa = PBXFileReference; lastKnownFileType = wrapper.xcdatamodel; path = DataModel.xcdatamodel; sourceTree = "<group>"; };
		2D75DD281BD57E9300112F4E /* ParentSecurityController.h */ = {isa = PBXFileReference; fileEncoding = 4; lastKnownFileType = sourcecode.c.h; path = ParentSecurityController.h; sourceTree = "<group>"; };
		2D75DD291BD57E9300112F4E /* ParentSecurityController.m */ = {isa = PBXFileReference; fileEncoding = 4; lastKnownFileType = sourcecode.c.objc; path = ParentSecurityController.m; sourceTree = "<group>"; };
		2D8931F31BA986AF006D2840 /* CoreData.framework */ = {isa = PBXFileReference; lastKnownFileType = wrapper.framework; name = CoreData.framework; path = System/Library/Frameworks/CoreData.framework; sourceTree = SDKROOT; };
		2DB4D6211BF391F200A12481 /* TCProgressTimerForegroundCropNode.h */ = {isa = PBXFileReference; fileEncoding = 4; lastKnownFileType = sourcecode.c.h; path = TCProgressTimerForegroundCropNode.h; sourceTree = "<group>"; };
		2DB4D6221BF391F200A12481 /* TCProgressTimerForegroundCropNode.m */ = {isa = PBXFileReference; fileEncoding = 4; lastKnownFileType = sourcecode.c.objc; path = TCProgressTimerForegroundCropNode.m; sourceTree = "<group>"; };
		2DB4D6231BF391F200A12481 /* TCProgressTimerNode.h */ = {isa = PBXFileReference; fileEncoding = 4; lastKnownFileType = sourcecode.c.h; path = TCProgressTimerNode.h; sourceTree = "<group>"; };
		2DB4D6241BF391F200A12481 /* TCProgressTimerNode.m */ = {isa = PBXFileReference; fileEncoding = 4; lastKnownFileType = sourcecode.c.objc; path = TCProgressTimerNode.m; sourceTree = "<group>"; };
		2DB4D6281BF3920C00A12481 /* Whale.m */ = {isa = PBXFileReference; fileEncoding = 4; lastKnownFileType = sourcecode.c.objc; path = Whale.m; sourceTree = "<group>"; };
		2DB4D6291BF3920C00A12481 /* Whale.h */ = {isa = PBXFileReference; fileEncoding = 4; lastKnownFileType = sourcecode.c.h; path = Whale.h; sourceTree = "<group>"; };
		2DC195E51BF6338B008669A0 /* GameStatistics+CoreDataProperties.h */ = {isa = PBXFileReference; fileEncoding = 4; lastKnownFileType = sourcecode.c.h; path = "GameStatistics+CoreDataProperties.h"; sourceTree = "<group>"; };
		2DC195E61BF6338B008669A0 /* GameStatistics+CoreDataProperties.m */ = {isa = PBXFileReference; fileEncoding = 4; lastKnownFileType = sourcecode.c.objc; path = "GameStatistics+CoreDataProperties.m"; sourceTree = "<group>"; };
		2DC195E71BF6338B008669A0 /* GameStatistics.h */ = {isa = PBXFileReference; fileEncoding = 4; lastKnownFileType = sourcecode.c.h; path = GameStatistics.h; sourceTree = "<group>"; };
		2DC195E81BF6338B008669A0 /* GameStatistics.m */ = {isa = PBXFileReference; fileEncoding = 4; lastKnownFileType = sourcecode.c.objc; path = GameStatistics.m; sourceTree = "<group>"; };
		2DC195EB1BF63EA4008669A0 /* NSDate+Helper.h */ = {isa = PBXFileReference; fileEncoding = 4; lastKnownFileType = sourcecode.c.h; path = "NSDate+Helper.h"; sourceTree = "<group>"; };
		2DC195EC1BF63EA4008669A0 /* NSDate+Helper.m */ = {isa = PBXFileReference; fileEncoding = 4; lastKnownFileType = sourcecode.c.objc; path = "NSDate+Helper.m"; sourceTree = "<group>"; };
		2DC904141BB1C5430082DEAC /* Macro.h */ = {isa = PBXFileReference; fileEncoding = 4; lastKnownFileType = sourcecode.c.h; path = Macro.h; sourceTree = "<group>"; };
		2DC904151BB1D0580082DEAC /* GameStatsViewController.h */ = {isa = PBXFileReference; fileEncoding = 4; lastKnownFileType = sourcecode.c.h; path = GameStatsViewController.h; sourceTree = "<group>"; };
		2DC904161BB1D0580082DEAC /* GameStatsViewController.m */ = {isa = PBXFileReference; fileEncoding = 4; lastKnownFileType = sourcecode.c.objc; path = GameStatsViewController.m; sourceTree = "<group>"; };
		2DC904181BB1D0710082DEAC /* SoundManagerViewController.h */ = {isa = PBXFileReference; fileEncoding = 4; lastKnownFileType = sourcecode.c.h; path = SoundManagerViewController.h; sourceTree = "<group>"; };
		2DC904191BB1D0710082DEAC /* SoundManagerViewController.m */ = {isa = PBXFileReference; fileEncoding = 4; lastKnownFileType = sourcecode.c.objc; path = SoundManagerViewController.m; sourceTree = "<group>"; };
		2DE0E12C1B9CAF3C00BFEDA6 /* LoadingViewController.h */ = {isa = PBXFileReference; fileEncoding = 4; lastKnownFileType = sourcecode.c.h; path = LoadingViewController.h; sourceTree = "<group>"; };
		2DE0E12D1B9CAF3C00BFEDA6 /* LoadingViewController.m */ = {isa = PBXFileReference; fileEncoding = 4; lastKnownFileType = sourcecode.c.objc; path = LoadingViewController.m; sourceTree = "<group>"; };
		2DE0E12F1B9CAF6100BFEDA6 /* LoadingScene.h */ = {isa = PBXFileReference; fileEncoding = 4; lastKnownFileType = sourcecode.c.h; path = LoadingScene.h; sourceTree = "<group>"; };
		2DE0E1301B9CAF6100BFEDA6 /* LoadingScene.m */ = {isa = PBXFileReference; fileEncoding = 4; lastKnownFileType = sourcecode.c.objc; path = LoadingScene.m; sourceTree = "<group>"; };
		2DE0E1321B9CB24B00BFEDA6 /* ScheduleViewController.h */ = {isa = PBXFileReference; fileEncoding = 4; lastKnownFileType = sourcecode.c.h; path = ScheduleViewController.h; sourceTree = "<group>"; };
		2DE0E1331B9CB24B00BFEDA6 /* ScheduleViewController.m */ = {isa = PBXFileReference; fileEncoding = 4; lastKnownFileType = sourcecode.c.objc; path = ScheduleViewController.m; sourceTree = "<group>"; };
		2DE0E1381B9CB57900BFEDA6 /* CalendarView.h */ = {isa = PBXFileReference; fileEncoding = 4; lastKnownFileType = sourcecode.c.h; path = CalendarView.h; sourceTree = "<group>"; };
		2DE0E1391B9CB57900BFEDA6 /* CalendarView.m */ = {isa = PBXFileReference; fileEncoding = 4; lastKnownFileType = sourcecode.c.objc; path = CalendarView.m; sourceTree = "<group>"; };
		2DE88ABC1BB8517A002438C6 /* Sounds+CoreDataProperties.h */ = {isa = PBXFileReference; fileEncoding = 4; lastKnownFileType = sourcecode.c.h; path = "Sounds+CoreDataProperties.h"; sourceTree = "<group>"; };
		2DE88ABD1BB8517A002438C6 /* Sounds+CoreDataProperties.m */ = {isa = PBXFileReference; fileEncoding = 4; lastKnownFileType = sourcecode.c.objc; path = "Sounds+CoreDataProperties.m"; sourceTree = "<group>"; };
		2DE88ABE1BB8517A002438C6 /* Sounds.h */ = {isa = PBXFileReference; fileEncoding = 4; lastKnownFileType = sourcecode.c.h; path = Sounds.h; sourceTree = "<group>"; };
		2DE88ABF1BB8517A002438C6 /* Sounds.m */ = {isa = PBXFileReference; fileEncoding = 4; lastKnownFileType = sourcecode.c.objc; path = Sounds.m; sourceTree = "<group>"; };
		2DE88AC01BB8517A002438C6 /* Games+CoreDataProperties.h */ = {isa = PBXFileReference; fileEncoding = 4; lastKnownFileType = sourcecode.c.h; path = "Games+CoreDataProperties.h"; sourceTree = "<group>"; };
		2DE88AC11BB8517A002438C6 /* Games+CoreDataProperties.m */ = {isa = PBXFileReference; fileEncoding = 4; lastKnownFileType = sourcecode.c.objc; path = "Games+CoreDataProperties.m"; sourceTree = "<group>"; };
		2DE88AC21BB8517A002438C6 /* Games.h */ = {isa = PBXFileReference; fileEncoding = 4; lastKnownFileType = sourcecode.c.h; path = Games.h; sourceTree = "<group>"; };
		2DE88AC31BB8517A002438C6 /* Games.m */ = {isa = PBXFileReference; fileEncoding = 4; lastKnownFileType = sourcecode.c.objc; path = Games.m; sourceTree = "<group>"; };
		2DF67F7D1BD4A18800EB7390 /* FishingGameViewController.h */ = {isa = PBXFileReference; fileEncoding = 4; lastKnownFileType = sourcecode.c.h; path = FishingGameViewController.h; sourceTree = "<group>"; };
		2DF67F7E1BD4A18800EB7390 /* FishingGameViewController.m */ = {isa = PBXFileReference; fileEncoding = 4; lastKnownFileType = sourcecode.c.objc; path = FishingGameViewController.m; sourceTree = "<group>"; };
		2DF67F801BD4A1A900EB7390 /* FishingGameScene.h */ = {isa = PBXFileReference; fileEncoding = 4; lastKnownFileType = sourcecode.c.h; path = FishingGameScene.h; sourceTree = "<group>"; };
		2DF67F811BD4A1A900EB7390 /* FishingGameScene.m */ = {isa = PBXFileReference; fileEncoding = 4; lastKnownFileType = sourcecode.c.objc; path = FishingGameScene.m; sourceTree = "<group>"; };
		2DF6B73C1B94A14800B7F92C /* SpeechTherapyGame.app */ = {isa = PBXFileReference; explicitFileType = wrapper.application; includeInIndex = 0; path = SpeechTherapyGame.app; sourceTree = BUILT_PRODUCTS_DIR; };
		2DF6B7401B94A14800B7F92C /* Info.plist */ = {isa = PBXFileReference; lastKnownFileType = text.plist.xml; path = Info.plist; sourceTree = "<group>"; };
		2DF6B7411B94A14800B7F92C /* main.m */ = {isa = PBXFileReference; lastKnownFileType = sourcecode.c.objc; path = main.m; sourceTree = "<group>"; };
		2DF6B7431B94A14800B7F92C /* AppDelegate.h */ = {isa = PBXFileReference; lastKnownFileType = sourcecode.c.h; path = AppDelegate.h; sourceTree = "<group>"; };
		2DF6B7441B94A14800B7F92C /* AppDelegate.m */ = {isa = PBXFileReference; lastKnownFileType = sourcecode.c.objc; path = AppDelegate.m; sourceTree = "<group>"; };
		2DF6B7461B94A14800B7F92C /* HomeScene.h */ = {isa = PBXFileReference; lastKnownFileType = sourcecode.c.h; path = HomeScene.h; sourceTree = "<group>"; };
		2DF6B7471B94A14800B7F92C /* HomeScene.m */ = {isa = PBXFileReference; lastKnownFileType = sourcecode.c.objc; path = HomeScene.m; sourceTree = "<group>"; };
		2DF6B7491B94A14800B7F92C /* HomeScene.sks */ = {isa = PBXFileReference; lastKnownFileType = file.sks; path = HomeScene.sks; sourceTree = "<group>"; };
		2DF6B74B1B94A14800B7F92C /* HomeSceneViewController.h */ = {isa = PBXFileReference; lastKnownFileType = sourcecode.c.h; path = HomeSceneViewController.h; sourceTree = "<group>"; };
		2DF6B74C1B94A14800B7F92C /* HomeSceneViewController.m */ = {isa = PBXFileReference; lastKnownFileType = sourcecode.c.objc; path = HomeSceneViewController.m; sourceTree = "<group>"; };
		2DF6B74F1B94A14800B7F92C /* Base */ = {isa = PBXFileReference; lastKnownFileType = file.storyboard; name = Base; path = Base.lproj/Main.storyboard; sourceTree = "<group>"; };
		2DF6B7511B94A14800B7F92C /* Images.xcassets */ = {isa = PBXFileReference; lastKnownFileType = folder.assetcatalog; path = Images.xcassets; sourceTree = "<group>"; };
		2DF6B7541B94A14800B7F92C /* Base */ = {isa = PBXFileReference; lastKnownFileType = file.xib; name = Base; path = Base.lproj/LaunchScreen.xib; sourceTree = "<group>"; };
		2DF6B75A1B94A14800B7F92C /* SpeechTherapyGameTests.xctest */ = {isa = PBXFileReference; explicitFileType = wrapper.cfbundle; includeInIndex = 0; path = SpeechTherapyGameTests.xctest; sourceTree = BUILT_PRODUCTS_DIR; };
		2DF6B75F1B94A14800B7F92C /* Info.plist */ = {isa = PBXFileReference; lastKnownFileType = text.plist.xml; path = Info.plist; sourceTree = "<group>"; };
		2DF6B7601B94A14800B7F92C /* SpeechTherapyGameTests.m */ = {isa = PBXFileReference; lastKnownFileType = sourcecode.c.objc; path = SpeechTherapyGameTests.m; sourceTree = "<group>"; };
		2DF6B76A1B94B53E00B7F92C /* SpeechTherapyGame-Prefix.pch */ = {isa = PBXFileReference; fileEncoding = 4; lastKnownFileType = sourcecode.c.h; path = "SpeechTherapyGame-Prefix.pch"; sourceTree = "<group>"; };
		482749E27D29E52B34F59317 /* Pods-SpeechTherapyGame.debug.xcconfig */ = {isa = PBXFileReference; includeInIndex = 1; lastKnownFileType = text.xcconfig; name = "Pods-SpeechTherapyGame.debug.xcconfig"; path = "Pods/Target Support Files/Pods-SpeechTherapyGame/Pods-SpeechTherapyGame.debug.xcconfig"; sourceTree = "<group>"; };
		A3C4C953EE4CDC88969B0569 /* libPods-SpeechTherapyGame.a */ = {isa = PBXFileReference; explicitFileType = archive.ar; includeInIndex = 0; path = "libPods-SpeechTherapyGame.a"; sourceTree = BUILT_PRODUCTS_DIR; };
		B9515279F1ADE87EA07CCCA8 /* Pods-SpeechTherapyGame.release.xcconfig */ = {isa = PBXFileReference; includeInIndex = 1; lastKnownFileType = text.xcconfig; name = "Pods-SpeechTherapyGame.release.xcconfig"; path = "Pods/Target Support Files/Pods-SpeechTherapyGame/Pods-SpeechTherapyGame.release.xcconfig"; sourceTree = "<group>"; };
		D716291D1BE76FFE00C56C77 /* ParentMasterController.h */ = {isa = PBXFileReference; fileEncoding = 4; lastKnownFileType = sourcecode.c.h; path = ParentMasterController.h; sourceTree = "<group>"; };
		D716291E1BE76FFE00C56C77 /* ParentMasterController.m */ = {isa = PBXFileReference; fileEncoding = 4; lastKnownFileType = sourcecode.c.objc; path = ParentMasterController.m; sourceTree = "<group>"; };
/* End PBXFileReference section */

/* Begin PBXFrameworksBuildPhase section */
		2DF6B7391B94A14800B7F92C /* Frameworks */ = {
			isa = PBXFrameworksBuildPhase;
			buildActionMask = 2147483647;
			files = (
				2D8931F41BA986AF006D2840 /* CoreData.framework in Frameworks */,
				DB79796202A56F77A186A2EC /* libPods-SpeechTherapyGame.a in Frameworks */,
			);
			runOnlyForDeploymentPostprocessing = 0;
		};
		2DF6B7571B94A14800B7F92C /* Frameworks */ = {
			isa = PBXFrameworksBuildPhase;
			buildActionMask = 2147483647;
			files = (
			);
			runOnlyForDeploymentPostprocessing = 0;
		};
/* End PBXFrameworksBuildPhase section */

/* Begin PBXGroup section */
		2D1A041F1BB0672700FA14CC /* GameManager */ = {
			isa = PBXGroup;
			children = (
				2DC904151BB1D0580082DEAC /* GameStatsViewController.h */,
				2DC904161BB1D0580082DEAC /* GameStatsViewController.m */,
				2DC904181BB1D0710082DEAC /* SoundManagerViewController.h */,
				2DC904191BB1D0710082DEAC /* SoundManagerViewController.m */,
			);
			name = GameManager;
			sourceTree = "<group>";
		};
		2D1A04231BB068BF00FA14CC /* NGSplitMenuController */ = {
			isa = PBXGroup;
			children = (
				2D1A043F1BB06A1A00FA14CC /* NGSplitMenu.h */,
				2D1A043A1BB069B000FA14CC /* NGUtils */,
				2D1A04391BB069A800FA14CC /* NGSplitManager */,
				2D1A04381BB069A000FA14CC /* NGSplitController */,
				2D1A04371BB0699300FA14CC /* NGCellViews */,
			);
			path = NGSplitMenuController;
			sourceTree = "<group>";
		};
		2D1A04371BB0699300FA14CC /* NGCellViews */ = {
			isa = PBXGroup;
			children = (
				2D1A04461BB06A3D00FA14CC /* MenuTableCell.h */,
				2D1A04471BB06A3E00FA14CC /* MenuTableCell.m */,
			);
			path = NGCellViews;
			sourceTree = "<group>";
		};
		2D1A04381BB069A000FA14CC /* NGSplitController */ = {
			isa = PBXGroup;
			children = (
				2D1A04431BB06A3500FA14CC /* NGSplitMenuController.h */,
				2D1A04441BB06A3500FA14CC /* NGSplitMenuController.m */,
			);
			path = NGSplitController;
			sourceTree = "<group>";
		};
		2D1A04391BB069A800FA14CC /* NGSplitManager */ = {
			isa = PBXGroup;
			children = (
				2D1A04401BB06A2400FA14CC /* NGSplitViewManager.h */,
				2D1A04411BB06A2400FA14CC /* NGSplitViewManager.m */,
			);
			path = NGSplitManager;
			sourceTree = "<group>";
		};
		2D1A043A1BB069B000FA14CC /* NGUtils */ = {
			isa = PBXGroup;
			children = (
				2D1A043B1BB06A0800FA14CC /* NGMenuConstants.h */,
				2D1A043C1BB06A0800FA14CC /* NGMenuItem.h */,
				2D1A043D1BB06A0800FA14CC /* NGMenuItem.m */,
			);
			path = NGUtils;
			sourceTree = "<group>";
		};
		2D28753A1B9770A00068818D /* Scenes */ = {
			isa = PBXGroup;
			children = (
				D716291C1BE7613300C56C77 /* Parent */,
				2DF67F7C1BD4A14600EB7390 /* FishingGame */,
				2D1A041F1BB0672700FA14CC /* GameManager */,
				2DE0E12B1B9CAF2400BFEDA6 /* Loading */,
				2D28753C1B977AD20068818D /* Schedule */,
				2D28753B1B9770C40068818D /* Home */,
			);
			name = Scenes;
			sourceTree = "<group>";
		};
		2D28753B1B9770C40068818D /* Home */ = {
			isa = PBXGroup;
			children = (
				2DF6B74B1B94A14800B7F92C /* HomeSceneViewController.h */,
				2DF6B74C1B94A14800B7F92C /* HomeSceneViewController.m */,
				2DF6B7461B94A14800B7F92C /* HomeScene.h */,
				2DF6B7471B94A14800B7F92C /* HomeScene.m */,
				2DF6B7491B94A14800B7F92C /* HomeScene.sks */,
			);
			name = Home;
			sourceTree = "<group>";
		};
		2D28753C1B977AD20068818D /* Schedule */ = {
			isa = PBXGroup;
			children = (
				2DE0E1321B9CB24B00BFEDA6 /* ScheduleViewController.h */,
				2DE0E1331B9CB24B00BFEDA6 /* ScheduleViewController.m */,
			);
			name = Schedule;
			sourceTree = "<group>";
		};
		2D2875451B9782DB0068818D /* Common */ = {
			isa = PBXGroup;
			children = (
				2DF6B7431B94A14800B7F92C /* AppDelegate.h */,
				2DF6B7441B94A14800B7F92C /* AppDelegate.m */,
				2DF6B74E1B94A14800B7F92C /* Main.storyboard */,
				2DC904141BB1C5430082DEAC /* Macro.h */,
			);
			name = Common;
			sourceTree = "<group>";
		};
		2D6064701BA99E5B00410B0E /* CoreDataManager */ = {
			isa = PBXGroup;
			children = (
				2D6064711BA99E6B00410B0E /* CoreDataManager.h */,
				2D6064721BA99E6B00410B0E /* CoreDataManager.m */,
			);
			name = CoreDataManager;
			sourceTree = "<group>";
		};
		2D6064771BA9A35500410B0E /* Models */ = {
			isa = PBXGroup;
			children = (
				2DE88ABC1BB8517A002438C6 /* Sounds+CoreDataProperties.h */,
				2DE88ABD1BB8517A002438C6 /* Sounds+CoreDataProperties.m */,
				2DE88ABE1BB8517A002438C6 /* Sounds.h */,
				2DE88ABF1BB8517A002438C6 /* Sounds.m */,
				2DE88AC01BB8517A002438C6 /* Games+CoreDataProperties.h */,
				2DE88AC11BB8517A002438C6 /* Games+CoreDataProperties.m */,
				2DE88AC21BB8517A002438C6 /* Games.h */,
				2DE88AC31BB8517A002438C6 /* Games.m */,
				2DC195E51BF6338B008669A0 /* GameStatistics+CoreDataProperties.h */,
				2DC195E61BF6338B008669A0 /* GameStatistics+CoreDataProperties.m */,
				2DC195E71BF6338B008669A0 /* GameStatistics.h */,
				2DC195E81BF6338B008669A0 /* GameStatistics.m */,
			);
			path = Models;
			sourceTree = "<group>";
		};
		2DB4D6201BF391E100A12481 /* TCProgressTimerNode */ = {
			isa = PBXGroup;
			children = (
				2DB4D6211BF391F200A12481 /* TCProgressTimerForegroundCropNode.h */,
				2DB4D6221BF391F200A12481 /* TCProgressTimerForegroundCropNode.m */,
				2DB4D6231BF391F200A12481 /* TCProgressTimerNode.h */,
				2DB4D6241BF391F200A12481 /* TCProgressTimerNode.m */,
			);
			name = TCProgressTimerNode;
			sourceTree = "<group>";
		};
		2DB4D6271BF391FB00A12481 /* Nodes */ = {
			isa = PBXGroup;
			children = (
				2DB4D6291BF3920C00A12481 /* Whale.h */,
				2DB4D6281BF3920C00A12481 /* Whale.m */,
			);
			name = Nodes;
			sourceTree = "<group>";
		};
		2DE0E12B1B9CAF2400BFEDA6 /* Loading */ = {
			isa = PBXGroup;
			children = (
				2DE0E12C1B9CAF3C00BFEDA6 /* LoadingViewController.h */,
				2DE0E12D1B9CAF3C00BFEDA6 /* LoadingViewController.m */,
				2DE0E12F1B9CAF6100BFEDA6 /* LoadingScene.h */,
				2DE0E1301B9CAF6100BFEDA6 /* LoadingScene.m */,
			);
			name = Loading;
			sourceTree = "<group>";
		};
		2DE0E1351B9CB55100BFEDA6 /* Helpers */ = {
			isa = PBXGroup;
			children = (
				2DC195EB1BF63EA4008669A0 /* NSDate+Helper.h */,
				2DC195EC1BF63EA4008669A0 /* NSDate+Helper.m */,
				2DB4D6201BF391E100A12481 /* TCProgressTimerNode */,
				2D1A04231BB068BF00FA14CC /* NGSplitMenuController */,
				2D6064701BA99E5B00410B0E /* CoreDataManager */,
				2DE0E1371B9CB56B00BFEDA6 /* CalendarView */,
				2DE0E1361B9CB55C00BFEDA6 /* SKScene tools */,
			);
			name = Helpers;
			sourceTree = "<group>";
		};
		2DE0E1361B9CB55C00BFEDA6 /* SKScene tools */ = {
			isa = PBXGroup;
			children = (
				2D2875421B977F310068818D /* SKScene+Unarchive.h */,
				2D2875431B977F310068818D /* SKScene+Unarchive.m */,
			);
			name = "SKScene tools";
			sourceTree = "<group>";
		};
		2DE0E1371B9CB56B00BFEDA6 /* CalendarView */ = {
			isa = PBXGroup;
			children = (
				2DE0E1381B9CB57900BFEDA6 /* CalendarView.h */,
				2DE0E1391B9CB57900BFEDA6 /* CalendarView.m */,
			);
			name = CalendarView;
			sourceTree = "<group>";
		};
		2DF67F7C1BD4A14600EB7390 /* FishingGame */ = {
			isa = PBXGroup;
			children = (
				2DF67F7D1BD4A18800EB7390 /* FishingGameViewController.h */,
				2DF67F7E1BD4A18800EB7390 /* FishingGameViewController.m */,
				2DF67F801BD4A1A900EB7390 /* FishingGameScene.h */,
				2DF67F811BD4A1A900EB7390 /* FishingGameScene.m */,
			);
			name = FishingGame;
			sourceTree = "<group>";
		};
		2DF6B7331B94A14800B7F92C = {
			isa = PBXGroup;
			children = (
				2DF6B73E1B94A14800B7F92C /* SpeechTherapyGame */,
				2DF6B75D1B94A14800B7F92C /* SpeechTherapyGameTests */,
				2DF6B73D1B94A14800B7F92C /* Products */,
				F632D6593FEFDDF9702CB96F /* Pods */,
				AFD57064E87D38D48DF68026 /* Frameworks */,
			);
			sourceTree = "<group>";
		};
		2DF6B73D1B94A14800B7F92C /* Products */ = {
			isa = PBXGroup;
			children = (
				2DF6B73C1B94A14800B7F92C /* SpeechTherapyGame.app */,
				2DF6B75A1B94A14800B7F92C /* SpeechTherapyGameTests.xctest */,
			);
			name = Products;
			sourceTree = "<group>";
		};
		2DF6B73E1B94A14800B7F92C /* SpeechTherapyGame */ = {
			isa = PBXGroup;
			children = (
				2D2875451B9782DB0068818D /* Common */,
				2D6064771BA9A35500410B0E /* Models */,
				2DE0E1351B9CB55100BFEDA6 /* Helpers */,
				2DB4D6271BF391FB00A12481 /* Nodes */,
				2D28753A1B9770A00068818D /* Scenes */,
				2DF6B73F1B94A14800B7F92C /* Supporting Files */,
			);
			path = SpeechTherapyGame;
			sourceTree = "<group>";
		};
		2DF6B73F1B94A14800B7F92C /* Supporting Files */ = {
			isa = PBXGroup;
			children = (
				2D45C70A1C03760C009FCFB8 /* small_fish.atlas */,
				2D45C70B1C03760C009FCFB8 /* shark.atlas */,
				2D45C70C1C03760C009FCFB8 /* whale.atlas */,
				2D45C6FC1C03708E009FCFB8 /* Bubbles.sks */,
				2D45C6FD1C03708E009FCFB8 /* SharkRight.sks */,
				2D45C6FE1C03708E009FCFB8 /* SharkLeft.sks */,
				2D45C6FF1C03708E009FCFB8 /* WhaleLeft.sks */,
				2D45C7001C03708E009FCFB8 /* WhaleRight.sks */,
				2D45C7011C03708E009FCFB8 /* FishLeft.sks */,
				2D45C7021C03708E009FCFB8 /* FishRight.sks */,
				2DF6B7411B94A14800B7F92C /* main.m */,
				2DF6B7531B94A14800B7F92C /* LaunchScreen.xib */,
				2DF6B7401B94A14800B7F92C /* Info.plist */,
				2DF6B76A1B94B53E00B7F92C /* SpeechTherapyGame-Prefix.pch */,
				2DF6B7511B94A14800B7F92C /* Images.xcassets */,
				2D6064741BA99FF100410B0E /* DataModel.xcdatamodeld */,
			);
			name = "Supporting Files";
			sourceTree = "<group>";
		};
		2DF6B75D1B94A14800B7F92C /* SpeechTherapyGameTests */ = {
			isa = PBXGroup;
			children = (
				2DF6B7601B94A14800B7F92C /* SpeechTherapyGameTests.m */,
				2DF6B75E1B94A14800B7F92C /* Supporting Files */,
			);
			path = SpeechTherapyGameTests;
			sourceTree = "<group>";
		};
		2DF6B75E1B94A14800B7F92C /* Supporting Files */ = {
			isa = PBXGroup;
			children = (
				2DF6B75F1B94A14800B7F92C /* Info.plist */,
			);
			name = "Supporting Files";
			sourceTree = "<group>";
		};
		AFD57064E87D38D48DF68026 /* Frameworks */ = {
			isa = PBXGroup;
			children = (
				2D8931F31BA986AF006D2840 /* CoreData.framework */,
				A3C4C953EE4CDC88969B0569 /* libPods-SpeechTherapyGame.a */,
			);
			name = Frameworks;
			sourceTree = "<group>";
		};
		D716291C1BE7613300C56C77 /* Parent */ = {
			isa = PBXGroup;
			children = (
				2D75DD281BD57E9300112F4E /* ParentSecurityController.h */,
				2D75DD291BD57E9300112F4E /* ParentSecurityController.m */,
				D716291D1BE76FFE00C56C77 /* ParentMasterController.h */,
				D716291E1BE76FFE00C56C77 /* ParentMasterController.m */,
			);
			name = Parent;
			sourceTree = "<group>";
		};
		F632D6593FEFDDF9702CB96F /* Pods */ = {
			isa = PBXGroup;
			children = (
				482749E27D29E52B34F59317 /* Pods-SpeechTherapyGame.debug.xcconfig */,
				B9515279F1ADE87EA07CCCA8 /* Pods-SpeechTherapyGame.release.xcconfig */,
			);
			name = Pods;
			sourceTree = "<group>";
		};
/* End PBXGroup section */

/* Begin PBXNativeTarget section */
		2DF6B73B1B94A14800B7F92C /* SpeechTherapyGame */ = {
			isa = PBXNativeTarget;
			buildConfigurationList = 2DF6B7641B94A14800B7F92C /* Build configuration list for PBXNativeTarget "SpeechTherapyGame" */;
			buildPhases = (
				F59889AFDC52941115627BAA /* Check Pods Manifest.lock */,
				2DF6B7381B94A14800B7F92C /* Sources */,
				2DF6B7391B94A14800B7F92C /* Frameworks */,
				2DF6B73A1B94A14800B7F92C /* Resources */,
				EEFD8668365D98B4E9052252 /* Copy Pods Resources */,
			);
			buildRules = (
			);
			dependencies = (
			);
			name = SpeechTherapyGame;
			productName = SpeechTherapyGame;
			productReference = 2DF6B73C1B94A14800B7F92C /* SpeechTherapyGame.app */;
			productType = "com.apple.product-type.application";
		};
		2DF6B7591B94A14800B7F92C /* SpeechTherapyGameTests */ = {
			isa = PBXNativeTarget;
			buildConfigurationList = 2DF6B7671B94A14800B7F92C /* Build configuration list for PBXNativeTarget "SpeechTherapyGameTests" */;
			buildPhases = (
				2DF6B7561B94A14800B7F92C /* Sources */,
				2DF6B7571B94A14800B7F92C /* Frameworks */,
				2DF6B7581B94A14800B7F92C /* Resources */,
			);
			buildRules = (
			);
			dependencies = (
				2DF6B75C1B94A14800B7F92C /* PBXTargetDependency */,
			);
			name = SpeechTherapyGameTests;
			productName = SpeechTherapyGameTests;
			productReference = 2DF6B75A1B94A14800B7F92C /* SpeechTherapyGameTests.xctest */;
			productType = "com.apple.product-type.bundle.unit-test";
		};
/* End PBXNativeTarget section */

/* Begin PBXProject section */
		2DF6B7341B94A14800B7F92C /* Project object */ = {
			isa = PBXProject;
			attributes = {
				LastUpgradeCheck = 0700;
				ORGANIZATIONNAME = SUTD;
				TargetAttributes = {
					2DF6B73B1B94A14800B7F92C = {
						CreatedOnToolsVersion = 6.4;
						DevelopmentTeam = L8GZZ588QM;
					};
					2DF6B7591B94A14800B7F92C = {
						CreatedOnToolsVersion = 6.4;
						TestTargetID = 2DF6B73B1B94A14800B7F92C;
					};
				};
			};
			buildConfigurationList = 2DF6B7371B94A14800B7F92C /* Build configuration list for PBXProject "SpeechTherapyGame" */;
			compatibilityVersion = "Xcode 3.2";
			developmentRegion = English;
			hasScannedForEncodings = 0;
			knownRegions = (
				en,
				Base,
			);
			mainGroup = 2DF6B7331B94A14800B7F92C;
			productRefGroup = 2DF6B73D1B94A14800B7F92C /* Products */;
			projectDirPath = "";
			projectRoot = "";
			targets = (
				2DF6B73B1B94A14800B7F92C /* SpeechTherapyGame */,
				2DF6B7591B94A14800B7F92C /* SpeechTherapyGameTests */,
			);
		};
/* End PBXProject section */

/* Begin PBXResourcesBuildPhase section */
		2DF6B73A1B94A14800B7F92C /* Resources */ = {
			isa = PBXResourcesBuildPhase;
			buildActionMask = 2147483647;
			files = (
				2D45C7061C03708E009FCFB8 /* WhaleLeft.sks in Resources */,
				2D45C70D1C03760C009FCFB8 /* small_fish.atlas in Resources */,
				2D45C7091C03708E009FCFB8 /* FishRight.sks in Resources */,
				2D45C70E1C03760C009FCFB8 /* shark.atlas in Resources */,
				2D45C7041C03708E009FCFB8 /* SharkRight.sks in Resources */,
				2D45C7031C03708E009FCFB8 /* Bubbles.sks in Resources */,
				2D45C7071C03708E009FCFB8 /* WhaleRight.sks in Resources */,
				2D45C7081C03708E009FCFB8 /* FishLeft.sks in Resources */,
				2DF6B7551B94A14800B7F92C /* LaunchScreen.xib in Resources */,
				2D45C7051C03708E009FCFB8 /* SharkLeft.sks in Resources */,
				2DF6B7521B94A14800B7F92C /* Images.xcassets in Resources */,
				2D45C70F1C03760C009FCFB8 /* whale.atlas in Resources */,
				2DF6B74A1B94A14800B7F92C /* HomeScene.sks in Resources */,
				2DF6B7501B94A14800B7F92C /* Main.storyboard in Resources */,
			);
			runOnlyForDeploymentPostprocessing = 0;
		};
		2DF6B7581B94A14800B7F92C /* Resources */ = {
			isa = PBXResourcesBuildPhase;
			buildActionMask = 2147483647;
			files = (
			);
			runOnlyForDeploymentPostprocessing = 0;
		};
/* End PBXResourcesBuildPhase section */

/* Begin PBXShellScriptBuildPhase section */
		EEFD8668365D98B4E9052252 /* Copy Pods Resources */ = {
			isa = PBXShellScriptBuildPhase;
			buildActionMask = 2147483647;
			files = (
			);
			inputPaths = (
			);
			name = "Copy Pods Resources";
			outputPaths = (
			);
			runOnlyForDeploymentPostprocessing = 0;
			shellPath = /bin/sh;
			shellScript = "\"${SRCROOT}/Pods/Target Support Files/Pods-SpeechTherapyGame/Pods-SpeechTherapyGame-resources.sh\"\n";
			showEnvVarsInLog = 0;
		};
		F59889AFDC52941115627BAA /* Check Pods Manifest.lock */ = {
			isa = PBXShellScriptBuildPhase;
			buildActionMask = 2147483647;
			files = (
			);
			inputPaths = (
			);
			name = "Check Pods Manifest.lock";
			outputPaths = (
			);
			runOnlyForDeploymentPostprocessing = 0;
			shellPath = /bin/sh;
			shellScript = "diff \"${PODS_ROOT}/../Podfile.lock\" \"${PODS_ROOT}/Manifest.lock\" > /dev/null\nif [[ $? != 0 ]] ; then\n    cat << EOM\nerror: The sandbox is not in sync with the Podfile.lock. Run 'pod install' or update your CocoaPods installation.\nEOM\n    exit 1\nfi\n";
			showEnvVarsInLog = 0;
		};
/* End PBXShellScriptBuildPhase section */

/* Begin PBXSourcesBuildPhase section */
		2DF6B7381B94A14800B7F92C /* Sources */ = {
			isa = PBXSourcesBuildPhase;
			buildActionMask = 2147483647;
			files = (
				2D1A04451BB06A3500FA14CC /* NGSplitMenuController.m in Sources */,
				2DF67F7F1BD4A18800EB7390 /* FishingGameViewController.m in Sources */,
				2D1A043E1BB06A0800FA14CC /* NGMenuItem.m in Sources */,
				2DB4D62A1BF3920C00A12481 /* Whale.m in Sources */,
				2DE88AC91BB8517A002438C6 /* Sounds.m in Sources */,
				2DE88ACA1BB8517A002438C6 /* Games+CoreDataProperties.m in Sources */,
				2DC904171BB1D0580082DEAC /* GameStatsViewController.m in Sources */,
				2D6064761BA99FF100410B0E /* DataModel.xcdatamodeld in Sources */,
				2DF67F821BD4A1A900EB7390 /* FishingGameScene.m in Sources */,
				2DF6B74D1B94A14800B7F92C /* HomeSceneViewController.m in Sources */,
				2DC195E91BF6338B008669A0 /* GameStatistics+CoreDataProperties.m in Sources */,
				2DE88AC81BB8517A002438C6 /* Sounds+CoreDataProperties.m in Sources */,
				2DE0E12E1B9CAF3C00BFEDA6 /* LoadingViewController.m in Sources */,
				2D6064731BA99E6B00410B0E /* CoreDataManager.m in Sources */,
				2D75DD2A1BD57E9300112F4E /* ParentSecurityController.m in Sources */,
				2DF6B7451B94A14800B7F92C /* AppDelegate.m in Sources */,
				2DE0E13A1B9CB57900BFEDA6 /* CalendarView.m in Sources */,
				2D1A04481BB06A3E00FA14CC /* MenuTableCell.m in Sources */,
				2DC9041A1BB1D0710082DEAC /* SoundManagerViewController.m in Sources */,
				2DE88ACB1BB8517A002438C6 /* Games.m in Sources */,
				2DB4D6251BF391F200A12481 /* TCProgressTimerForegroundCropNode.m in Sources */,
				2DE0E1311B9CAF6100BFEDA6 /* LoadingScene.m in Sources */,
				2D1A04421BB06A2400FA14CC /* NGSplitViewManager.m in Sources */,
				D716291F1BE76FFF00C56C77 /* ParentMasterController.m in Sources */,
				2D2875441B977F310068818D /* SKScene+Unarchive.m in Sources */,
				2DB4D6261BF391F200A12481 /* TCProgressTimerNode.m in Sources */,
				2DF6B7481B94A14800B7F92C /* HomeScene.m in Sources */,
				2DC195ED1BF63EA4008669A0 /* NSDate+Helper.m in Sources */,
				2DF6B7421B94A14800B7F92C /* main.m in Sources */,
				2DC195EA1BF6338B008669A0 /* GameStatistics.m in Sources */,
				2DE0E1341B9CB24B00BFEDA6 /* ScheduleViewController.m in Sources */,
			);
			runOnlyForDeploymentPostprocessing = 0;
		};
		2DF6B7561B94A14800B7F92C /* Sources */ = {
			isa = PBXSourcesBuildPhase;
			buildActionMask = 2147483647;
			files = (
				2DF6B7611B94A14800B7F92C /* SpeechTherapyGameTests.m in Sources */,
			);
			runOnlyForDeploymentPostprocessing = 0;
		};
/* End PBXSourcesBuildPhase section */

/* Begin PBXTargetDependency section */
		2DF6B75C1B94A14800B7F92C /* PBXTargetDependency */ = {
			isa = PBXTargetDependency;
			target = 2DF6B73B1B94A14800B7F92C /* SpeechTherapyGame */;
			targetProxy = 2DF6B75B1B94A14800B7F92C /* PBXContainerItemProxy */;
		};
/* End PBXTargetDependency section */

/* Begin PBXVariantGroup section */
		2DF6B74E1B94A14800B7F92C /* Main.storyboard */ = {
			isa = PBXVariantGroup;
			children = (
				2DF6B74F1B94A14800B7F92C /* Base */,
			);
			name = Main.storyboard;
			sourceTree = "<group>";
		};
		2DF6B7531B94A14800B7F92C /* LaunchScreen.xib */ = {
			isa = PBXVariantGroup;
			children = (
				2DF6B7541B94A14800B7F92C /* Base */,
			);
			name = LaunchScreen.xib;
			sourceTree = "<group>";
		};
/* End PBXVariantGroup section */

/* Begin XCBuildConfiguration section */
		2DF6B7621B94A14800B7F92C /* Debug */ = {
			isa = XCBuildConfiguration;
			buildSettings = {
				ALWAYS_SEARCH_USER_PATHS = NO;
				CLANG_CXX_LANGUAGE_STANDARD = "gnu++0x";
				CLANG_CXX_LIBRARY = "libc++";
				CLANG_ENABLE_MODULES = YES;
				CLANG_ENABLE_OBJC_ARC = YES;
				CLANG_WARN_BOOL_CONVERSION = YES;
				CLANG_WARN_CONSTANT_CONVERSION = YES;
				CLANG_WARN_DIRECT_OBJC_ISA_USAGE = YES_ERROR;
				CLANG_WARN_EMPTY_BODY = YES;
				CLANG_WARN_ENUM_CONVERSION = YES;
				CLANG_WARN_INT_CONVERSION = YES;
				CLANG_WARN_OBJC_ROOT_CLASS = YES_ERROR;
				CLANG_WARN_UNREACHABLE_CODE = YES;
				CLANG_WARN__DUPLICATE_METHOD_MATCH = YES;
				"CODE_SIGN_IDENTITY[sdk=iphoneos*]" = "iPhone Developer";
				COPY_PHASE_STRIP = NO;
				DEBUG_INFORMATION_FORMAT = "dwarf-with-dsym";
				ENABLE_STRICT_OBJC_MSGSEND = YES;
				ENABLE_TESTABILITY = YES;
				GCC_C_LANGUAGE_STANDARD = gnu99;
				GCC_DYNAMIC_NO_PIC = NO;
				GCC_NO_COMMON_BLOCKS = YES;
				GCC_OPTIMIZATION_LEVEL = 0;
				GCC_PREPROCESSOR_DEFINITIONS = (
					"DEBUG=1",
					"$(inherited)",
				);
				GCC_SYMBOLS_PRIVATE_EXTERN = NO;
				GCC_WARN_64_TO_32_BIT_CONVERSION = YES;
				GCC_WARN_ABOUT_RETURN_TYPE = YES_ERROR;
				GCC_WARN_UNDECLARED_SELECTOR = YES;
				GCC_WARN_UNINITIALIZED_AUTOS = YES_AGGRESSIVE;
				GCC_WARN_UNUSED_FUNCTION = YES;
				GCC_WARN_UNUSED_VARIABLE = YES;
				IPHONEOS_DEPLOYMENT_TARGET = 8.4;
				MTL_ENABLE_DEBUG_INFO = YES;
				ONLY_ACTIVE_ARCH = YES;
				SDKROOT = iphoneos;
				TARGETED_DEVICE_FAMILY = "1,2";
			};
			name = Debug;
		};
		2DF6B7631B94A14800B7F92C /* Release */ = {
			isa = XCBuildConfiguration;
			buildSettings = {
				ALWAYS_SEARCH_USER_PATHS = NO;
				CLANG_CXX_LANGUAGE_STANDARD = "gnu++0x";
				CLANG_CXX_LIBRARY = "libc++";
				CLANG_ENABLE_MODULES = YES;
				CLANG_ENABLE_OBJC_ARC = YES;
				CLANG_WARN_BOOL_CONVERSION = YES;
				CLANG_WARN_CONSTANT_CONVERSION = YES;
				CLANG_WARN_DIRECT_OBJC_ISA_USAGE = YES_ERROR;
				CLANG_WARN_EMPTY_BODY = YES;
				CLANG_WARN_ENUM_CONVERSION = YES;
				CLANG_WARN_INT_CONVERSION = YES;
				CLANG_WARN_OBJC_ROOT_CLASS = YES_ERROR;
				CLANG_WARN_UNREACHABLE_CODE = YES;
				CLANG_WARN__DUPLICATE_METHOD_MATCH = YES;
				"CODE_SIGN_IDENTITY[sdk=iphoneos*]" = "iPhone Developer";
				COPY_PHASE_STRIP = NO;
				DEBUG_INFORMATION_FORMAT = "dwarf-with-dsym";
				ENABLE_NS_ASSERTIONS = NO;
				ENABLE_STRICT_OBJC_MSGSEND = YES;
				GCC_C_LANGUAGE_STANDARD = gnu99;
				GCC_NO_COMMON_BLOCKS = YES;
				GCC_WARN_64_TO_32_BIT_CONVERSION = YES;
				GCC_WARN_ABOUT_RETURN_TYPE = YES_ERROR;
				GCC_WARN_UNDECLARED_SELECTOR = YES;
				GCC_WARN_UNINITIALIZED_AUTOS = YES_AGGRESSIVE;
				GCC_WARN_UNUSED_FUNCTION = YES;
				GCC_WARN_UNUSED_VARIABLE = YES;
				IPHONEOS_DEPLOYMENT_TARGET = 8.4;
				MTL_ENABLE_DEBUG_INFO = NO;
				SDKROOT = iphoneos;
				TARGETED_DEVICE_FAMILY = "1,2";
				VALIDATE_PRODUCT = YES;
			};
			name = Release;
		};
		2DF6B7651B94A14800B7F92C /* Debug */ = {
			isa = XCBuildConfiguration;
			baseConfigurationReference = 482749E27D29E52B34F59317 /* Pods-SpeechTherapyGame.debug.xcconfig */;
			buildSettings = {
				ASSETCATALOG_COMPILER_APPICON_NAME = AppIcon;
				CODE_SIGN_IDENTITY = "iPhone Developer";
				"CODE_SIGN_IDENTITY[sdk=iphoneos*]" = "iPhone Developer";
				ENABLE_BITCODE = NO;
				GCC_PRECOMPILE_PREFIX_HEADER = YES;
				GCC_PREFIX_HEADER = "SpeechTherapyGame/SpeechTherapyGame-Prefix.pch";
				INFOPLIST_FILE = SpeechTherapyGame/Info.plist;
				IPHONEOS_DEPLOYMENT_TARGET = 8.0;
				LD_RUNPATH_SEARCH_PATHS = "$(inherited) @executable_path/Frameworks";
				PRODUCT_BUNDLE_IDENTIFIER = "com.SUTD.$(PRODUCT_NAME:rfc1034identifier)";
				PRODUCT_NAME = "$(TARGET_NAME)";
				PROVISIONING_PROFILE = "";
				TARGETED_DEVICE_FAMILY = 2;
			};
			name = Debug;
		};
		2DF6B7661B94A14800B7F92C /* Release */ = {
			isa = XCBuildConfiguration;
			baseConfigurationReference = B9515279F1ADE87EA07CCCA8 /* Pods-SpeechTherapyGame.release.xcconfig */;
			buildSettings = {
				ASSETCATALOG_COMPILER_APPICON_NAME = AppIcon;
				CODE_SIGN_IDENTITY = "iPhone Developer";
				"CODE_SIGN_IDENTITY[sdk=iphoneos*]" = "iPhone Developer";
				ENABLE_BITCODE = NO;
				GCC_PRECOMPILE_PREFIX_HEADER = YES;
				GCC_PREFIX_HEADER = "SpeechTherapyGame/SpeechTherapyGame-Prefix.pch";
				INFOPLIST_FILE = SpeechTherapyGame/Info.plist;
				IPHONEOS_DEPLOYMENT_TARGET = 8.0;
				LD_RUNPATH_SEARCH_PATHS = "$(inherited) @executable_path/Frameworks";
				PRODUCT_BUNDLE_IDENTIFIER = "com.SUTD.$(PRODUCT_NAME:rfc1034identifier)";
				PRODUCT_NAME = "$(TARGET_NAME)";
				PROVISIONING_PROFILE = "";
				TARGETED_DEVICE_FAMILY = 2;
			};
			name = Release;
		};
		2DF6B7681B94A14800B7F92C /* Debug */ = {
			isa = XCBuildConfiguration;
			buildSettings = {
				BUNDLE_LOADER = "$(TEST_HOST)";
				FRAMEWORK_SEARCH_PATHS = (
					"$(SDKROOT)/Developer/Library/Frameworks",
					"$(inherited)",
				);
				GCC_PREPROCESSOR_DEFINITIONS = (
					"DEBUG=1",
					"$(inherited)",
				);
				INFOPLIST_FILE = SpeechTherapyGameTests/Info.plist;
				LD_RUNPATH_SEARCH_PATHS = "$(inherited) @executable_path/Frameworks @loader_path/Frameworks";
				PRODUCT_BUNDLE_IDENTIFIER = "com.SUTD.$(PRODUCT_NAME:rfc1034identifier)";
				PRODUCT_NAME = "$(TARGET_NAME)";
				TEST_HOST = "$(BUILT_PRODUCTS_DIR)/SpeechTherapyGame.app/SpeechTherapyGame";
			};
			name = Debug;
		};
		2DF6B7691B94A14800B7F92C /* Release */ = {
			isa = XCBuildConfiguration;
			buildSettings = {
				BUNDLE_LOADER = "$(TEST_HOST)";
				FRAMEWORK_SEARCH_PATHS = (
					"$(SDKROOT)/Developer/Library/Frameworks",
					"$(inherited)",
				);
				INFOPLIST_FILE = SpeechTherapyGameTests/Info.plist;
				LD_RUNPATH_SEARCH_PATHS = "$(inherited) @executable_path/Frameworks @loader_path/Frameworks";
				PRODUCT_BUNDLE_IDENTIFIER = "com.SUTD.$(PRODUCT_NAME:rfc1034identifier)";
				PRODUCT_NAME = "$(TARGET_NAME)";
				TEST_HOST = "$(BUILT_PRODUCTS_DIR)/SpeechTherapyGame.app/SpeechTherapyGame";
			};
			name = Release;
		};
/* End XCBuildConfiguration section */

/* Begin XCConfigurationList section */
		2DF6B7371B94A14800B7F92C /* Build configuration list for PBXProject "SpeechTherapyGame" */ = {
			isa = XCConfigurationList;
			buildConfigurations = (
				2DF6B7621B94A14800B7F92C /* Debug */,
				2DF6B7631B94A14800B7F92C /* Release */,
			);
			defaultConfigurationIsVisible = 0;
			defaultConfigurationName = Release;
		};
		2DF6B7641B94A14800B7F92C /* Build configuration list for PBXNativeTarget "SpeechTherapyGame" */ = {
			isa = XCConfigurationList;
			buildConfigurations = (
				2DF6B7651B94A14800B7F92C /* Debug */,
				2DF6B7661B94A14800B7F92C /* Release */,
			);
			defaultConfigurationIsVisible = 0;
			defaultConfigurationName = Release;
		};
		2DF6B7671B94A14800B7F92C /* Build configuration list for PBXNativeTarget "SpeechTherapyGameTests" */ = {
			isa = XCConfigurationList;
			buildConfigurations = (
				2DF6B7681B94A14800B7F92C /* Debug */,
				2DF6B7691B94A14800B7F92C /* Release */,
			);
			defaultConfigurationIsVisible = 0;
			defaultConfigurationName = Release;
		};
/* End XCConfigurationList section */

/* Begin XCVersionGroup section */
		2D6064741BA99FF100410B0E /* DataModel.xcdatamodeld */ = {
			isa = XCVersionGroup;
			children = (
				2D6064751BA99FF100410B0E /* DataModel.xcdatamodel */,
			);
			currentVersion = 2D6064751BA99FF100410B0E /* DataModel.xcdatamodel */;
			path = DataModel.xcdatamodeld;
			sourceTree = "<group>";
			versionGroupType = wrapper.xcdatamodel;
		};
/* End XCVersionGroup section */
	};
	rootObject = 2DF6B7341B94A14800B7F92C /* Project object */;
}
